
Microsoft Visual Studio Solution File, Format Version 12.00
# Visual Studio Version 17
VisualStudioVersion = 17.0.31903.59
MinimumVisualStudioVersion = 10.0.40219.1
Project("{FAE04EC0-301F-11D3-BF4B-00C04F79EFBC}") = "AdoNetApp", "AdoNetApp\AdoNetApp.csproj", "{CC79EBDE-A4FD-47EF-B70C-B7C365D28C52}"
EndProject
Project("{FAE04EC0-301F-11D3-BF4B-00C04F79EFBC}") = "DapperApp", "DapperApp\DapperApp.csproj", "{B26D8423-BEA4-41E2-B985-7CB8779E9F6F}"
EndProject
Project("{FAE04EC0-301F-11D3-BF4B-00C04F79EFBC}") = "EFCoreApp", "EFCoreApp\EFCoreApp.csproj", "{9C652A95-32F3-468D-9D94-E85191F0EC1B}"
EndProject
Global
	GlobalSection(SolutionConfigurationPlatforms) = preSolution
		Debug|Any CPU = Debug|Any CPU
		Debug|x64 = Debug|x64
		Debug|x86 = Debug|x86
		Release|Any CPU = Release|Any CPU
		Release|x64 = Release|x64
		Release|x86 = Release|x86
	EndGlobalSection
	GlobalSection(ProjectConfigurationPlatforms) = postSolution
		{CC79EBDE-A4FD-47EF-B70C-B7C365D28C52}.Debug|Any CPU.ActiveCfg = Debug|Any CPU
		{CC79EBDE-A4FD-47EF-B70C-B7C365D28C52}.Debug|Any CPU.Build.0 = Debug|Any CPU
		{CC79EBDE-A4FD-47EF-B70C-B7C365D28C52}.Debug|x64.ActiveCfg = Debug|Any CPU
		{CC79EBDE-A4FD-47EF-B70C-B7C365D28C52}.Debug|x64.Build.0 = Debug|Any CPU
		{CC79EBDE-A4FD-47EF-B70C-B7C365D28C52}.Debug|x86.ActiveCfg = Debug|Any CPU
		{CC79EBDE-A4FD-47EF-B70C-B7C365D28C52}.Debug|x86.Build.0 = Debug|Any CPU
		{CC79EBDE-A4FD-47EF-B70C-B7C365D28C52}.Release|Any CPU.ActiveCfg = Release|Any CPU
		{CC79EBDE-A4FD-47EF-B70C-B7C365D28C52}.Release|Any CPU.Build.0 = Release|Any CPU
		{CC79EBDE-A4FD-47EF-B70C-B7C365D28C52}.Release|x64.ActiveCfg = Release|Any CPU
		{CC79EBDE-A4FD-47EF-B70C-B7C365D28C52}.Release|x64.Build.0 = Release|Any CPU
		{CC79EBDE-A4FD-47EF-B70C-B7C365D28C52}.Release|x86.ActiveCfg = Release|Any CPU
		{CC79EBDE-A4FD-47EF-B70C-B7C365D28C52}.Release|x86.Build.0 = Release|Any CPU
		{B26D8423-BEA4-41E2-B985-7CB8779E9F6F}.Debug|Any CPU.ActiveCfg = Debug|Any CPU
		{B26D8423-BEA4-41E2-B985-7CB8779E9F6F}.Debug|Any CPU.Build.0 = Debug|Any CPU
		{B26D8423-BEA4-41E2-B985-7CB8779E9F6F}.Debug|x64.ActiveCfg = Debug|Any CPU
		{B26D8423-BEA4-41E2-B985-7CB8779E9F6F}.Debug|x64.Build.0 = Debug|Any CPU
		{B26D8423-BEA4-41E2-B985-7CB8779E9F6F}.Debug|x86.ActiveCfg = Debug|Any CPU
		{B26D8423-BEA4-41E2-B985-7CB8779E9F6F}.Debug|x86.Build.0 = Debug|Any CPU
		{B26D8423-BEA4-41E2-B985-7CB8779E9F6F}.Release|Any CPU.ActiveCfg = Release|Any CPU
		{B26D8423-BEA4-41E2-B985-7CB8779E9F6F}.Release|Any CPU.Build.0 = Release|Any CPU
		{B26D8423-BEA4-41E2-B985-7CB8779E9F6F}.Release|x64.ActiveCfg = Release|Any CPU
		{B26D8423-BEA4-41E2-B985-7CB8779E9F6F}.Release|x64.Build.0 = Release|Any CPU
		{B26D8423-BEA4-41E2-B985-7CB8779E9F6F}.Release|x86.ActiveCfg = Release|Any CPU
		{B26D8423-BEA4-41E2-B985-7CB8779E9F6F}.Release|x86.Build.0 = Release|Any CPU
		{9C652A95-32F3-468D-9D94-E85191F0EC1B}.Debug|Any CPU.ActiveCfg = Debug|Any CPU
		{9C652A95-32F3-468D-9D94-E85191F0EC1B}.Debug|Any CPU.Build.0 = Debug|Any CPU
		{9C652A95-32F3-468D-9D94-E85191F0EC1B}.Debug|x64.ActiveCfg = Debug|Any CPU
		{9C652A95-32F3-468D-9D94-E85191F0EC1B}.Debug|x64.Build.0 = Debug|Any CPU
		{9C652A95-32F3-468D-9D94-E85191F0EC1B}.Debug|x86.ActiveCfg = Debug|Any CPU
		{9C652A95-32F3-468D-9D94-E85191F0EC1B}.Debug|x86.Build.0 = Debug|Any CPU
		{9C652A95-32F3-468D-9D94-E85191F0EC1B}.Release|Any CPU.ActiveCfg = Release|Any CPU
		{9C652A95-32F3-468D-9D94-E85191F0EC1B}.Release|Any CPU.Build.0 = Release|Any CPU
		{9C652A95-32F3-468D-9D94-E85191F0EC1B}.Release|x64.ActiveCfg = Release|Any CPU
		{9C652A95-32F3-468D-9D94-E85191F0EC1B}.Release|x64.Build.0 = Release|Any CPU
		{9C652A95-32F3-468D-9D94-E85191F0EC1B}.Release|x86.ActiveCfg = Release|Any CPU
		{9C652A95-32F3-468D-9D94-E85191F0EC1B}.Release|x86.Build.0 = Release|Any CPU
	EndGlobalSection
	GlobalSection(SolutionProperties) = preSolution
		HideSolutionNode = FALSE
	EndGlobalSection
EndGlobal
